// !$*UTF8*$!
{
	archiveVersion = 1;
	classes = {
	};
	objectVersion = 51;
	objects = {

/* Begin PBXBuildFile section */
		852F676F237F0F7E004CB260 /* AppDelegate.swift in Sources */ = {isa = PBXBuildFile; fileRef = 852F676E237F0F7E004CB260 /* AppDelegate.swift */; };
		852F6771237F0F7E004CB260 /* SceneDelegate.swift in Sources */ = {isa = PBXBuildFile; fileRef = 852F6770237F0F7E004CB260 /* SceneDelegate.swift */; };
		852F6776237F0F7E004CB260 /* Main.storyboard in Resources */ = {isa = PBXBuildFile; fileRef = 852F6774237F0F7E004CB260 /* Main.storyboard */; };
		852F6778237F0F81004CB260 /* Assets.xcassets in Resources */ = {isa = PBXBuildFile; fileRef = 852F6777237F0F81004CB260 /* Assets.xcassets */; };
		852F677B237F0F81004CB260 /* LaunchScreen.storyboard in Resources */ = {isa = PBXBuildFile; fileRef = 852F6779237F0F81004CB260 /* LaunchScreen.storyboard */; };
		852F6786237F0F81004CB260 /* ParstagramTests.swift in Sources */ = {isa = PBXBuildFile; fileRef = 852F6785237F0F81004CB260 /* ParstagramTests.swift */; };
		852F6791237F0F81004CB260 /* ParstagramUITests.swift in Sources */ = {isa = PBXBuildFile; fileRef = 852F6790237F0F81004CB260 /* ParstagramUITests.swift */; };
		852F679F237F2AE9004CB260 /* LoginViewController.swift in Sources */ = {isa = PBXBuildFile; fileRef = 852F679E237F2AE9004CB260 /* LoginViewController.swift */; };
		852F67A1237F2B07004CB260 /* FeedViewController.swift in Sources */ = {isa = PBXBuildFile; fileRef = 852F67A0237F2B07004CB260 /* FeedViewController.swift */; };
		852F67A3237F34AD004CB260 /* CameraViewController.swift in Sources */ = {isa = PBXBuildFile; fileRef = 852F67A2237F34AD004CB260 /* CameraViewController.swift */; };
		852F67A5237F74B5004CB260 /* PostCell.swift in Sources */ = {isa = PBXBuildFile; fileRef = 852F67A4237F74B5004CB260 /* PostCell.swift */; };
		8589845D23888BC20086D9D5 /* CommentCell.swift in Sources */ = {isa = PBXBuildFile; fileRef = 8589845C23888BC20086D9D5 /* CommentCell.swift */; };
		A5D0DF2CA8B5DA8300A4B270 /* Pods_ParstagramTests.framework in Frameworks */ = {isa = PBXBuildFile; fileRef = 44D6A85DA4B6812D101961BB /* Pods_ParstagramTests.framework */; };
		D3791DE05373D0B007DD7DEB /* Pods_Parstagram.framework in Frameworks */ = {isa = PBXBuildFile; fileRef = 4DD95233903B35B0C6CC7035 /* Pods_Parstagram.framework */; };
		D6B23CDF83942F36F6C5055F /* Pods_Parstagram_ParstagramUITests.framework in Frameworks */ = {isa = PBXBuildFile; fileRef = 330DA6DC3B770B6F82757E39 /* Pods_Parstagram_ParstagramUITests.framework */; };
/* End PBXBuildFile section */

/* Begin PBXContainerItemProxy section */
		852F6782237F0F81004CB260 /* PBXContainerItemProxy */ = {
			isa = PBXContainerItemProxy;
			containerPortal = 852F6763237F0F7D004CB260 /* Project object */;
			proxyType = 1;
			remoteGlobalIDString = 852F676A237F0F7E004CB260;
			remoteInfo = Parstagram;
		};
		852F678D237F0F81004CB260 /* PBXContainerItemProxy */ = {
			isa = PBXContainerItemProxy;
			containerPortal = 852F6763237F0F7D004CB260 /* Project object */;
			proxyType = 1;
			remoteGlobalIDString = 852F676A237F0F7E004CB260;
			remoteInfo = Parstagram;
		};
/* End PBXContainerItemProxy section */

/* Begin PBXFileReference section */
		036331A936B8F1F4DDC5FFB8 /* Pods-ParstagramTests.debug.xcconfig */ = {isa = PBXFileReference; includeInIndex = 1; lastKnownFileType = text.xcconfig; name = "Pods-ParstagramTests.debug.xcconfig"; path = "Target Support Files/Pods-ParstagramTests/Pods-ParstagramTests.debug.xcconfig"; sourceTree = "<group>"; };
		1B318F6EB49513555C403A37 /* Pods-Parstagram-ParstagramUITests.debug.xcconfig */ = {isa = PBXFileReference; includeInIndex = 1; lastKnownFileType = text.xcconfig; name = "Pods-Parstagram-ParstagramUITests.debug.xcconfig"; path = "Target Support Files/Pods-Parstagram-ParstagramUITests/Pods-Parstagram-ParstagramUITests.debug.xcconfig"; sourceTree = "<group>"; };
		330DA6DC3B770B6F82757E39 /* Pods_Parstagram_ParstagramUITests.framework */ = {isa = PBXFileReference; explicitFileType = wrapper.framework; includeInIndex = 0; path = Pods_Parstagram_ParstagramUITests.framework; sourceTree = BUILT_PRODUCTS_DIR; };
		44D6A85DA4B6812D101961BB /* Pods_ParstagramTests.framework */ = {isa = PBXFileReference; explicitFileType = wrapper.framework; includeInIndex = 0; path = Pods_ParstagramTests.framework; sourceTree = BUILT_PRODUCTS_DIR; };
		4DD95233903B35B0C6CC7035 /* Pods_Parstagram.framework */ = {isa = PBXFileReference; explicitFileType = wrapper.framework; includeInIndex = 0; path = Pods_Parstagram.framework; sourceTree = BUILT_PRODUCTS_DIR; };
		852F676B237F0F7E004CB260 /* Parstagram.app */ = {isa = PBXFileReference; explicitFileType = wrapper.application; includeInIndex = 0; path = Parstagram.app; sourceTree = BUILT_PRODUCTS_DIR; };
		852F676E237F0F7E004CB260 /* AppDelegate.swift */ = {isa = PBXFileReference; lastKnownFileType = sourcecode.swift; path = AppDelegate.swift; sourceTree = "<group>"; };
		852F6770237F0F7E004CB260 /* SceneDelegate.swift */ = {isa = PBXFileReference; lastKnownFileType = sourcecode.swift; path = SceneDelegate.swift; sourceTree = "<group>"; };
		852F6775237F0F7E004CB260 /* Base */ = {isa = PBXFileReference; lastKnownFileType = file.storyboard; name = Base; path = Base.lproj/Main.storyboard; sourceTree = "<group>"; };
		852F6777237F0F81004CB260 /* Assets.xcassets */ = {isa = PBXFileReference; lastKnownFileType = folder.assetcatalog; path = Assets.xcassets; sourceTree = "<group>"; };
		852F677A237F0F81004CB260 /* Base */ = {isa = PBXFileReference; lastKnownFileType = file.storyboard; name = Base; path = Base.lproj/LaunchScreen.storyboard; sourceTree = "<group>"; };
		852F677C237F0F81004CB260 /* Info.plist */ = {isa = PBXFileReference; lastKnownFileType = text.plist.xml; path = Info.plist; sourceTree = "<group>"; };
		852F6781237F0F81004CB260 /* ParstagramTests.xctest */ = {isa = PBXFileReference; explicitFileType = wrapper.cfbundle; includeInIndex = 0; path = ParstagramTests.xctest; sourceTree = BUILT_PRODUCTS_DIR; };
		852F6785237F0F81004CB260 /* ParstagramTests.swift */ = {isa = PBXFileReference; lastKnownFileType = sourcecode.swift; path = ParstagramTests.swift; sourceTree = "<group>"; };
		852F6787237F0F81004CB260 /* Info.plist */ = {isa = PBXFileReference; lastKnownFileType = text.plist.xml; path = Info.plist; sourceTree = "<group>"; };
		852F678C237F0F81004CB260 /* ParstagramUITests.xctest */ = {isa = PBXFileReference; explicitFileType = wrapper.cfbundle; includeInIndex = 0; path = ParstagramUITests.xctest; sourceTree = BUILT_PRODUCTS_DIR; };
		852F6790237F0F81004CB260 /* ParstagramUITests.swift */ = {isa = PBXFileReference; lastKnownFileType = sourcecode.swift; path = ParstagramUITests.swift; sourceTree = "<group>"; };
		852F6792237F0F81004CB260 /* Info.plist */ = {isa = PBXFileReference; lastKnownFileType = text.plist.xml; path = Info.plist; sourceTree = "<group>"; };
		852F679E237F2AE9004CB260 /* LoginViewController.swift */ = {isa = PBXFileReference; lastKnownFileType = sourcecode.swift; path = LoginViewController.swift; sourceTree = "<group>"; };
		852F67A0237F2B07004CB260 /* FeedViewController.swift */ = {isa = PBXFileReference; lastKnownFileType = sourcecode.swift; path = FeedViewController.swift; sourceTree = "<group>"; };
		852F67A2237F34AD004CB260 /* CameraViewController.swift */ = {isa = PBXFileReference; lastKnownFileType = sourcecode.swift; path = CameraViewController.swift; sourceTree = "<group>"; };
		852F67A4237F74B5004CB260 /* PostCell.swift */ = {isa = PBXFileReference; lastKnownFileType = sourcecode.swift; path = PostCell.swift; sourceTree = "<group>"; };
		8589845C23888BC20086D9D5 /* CommentCell.swift */ = {isa = PBXFileReference; lastKnownFileType = sourcecode.swift; path = CommentCell.swift; sourceTree = "<group>"; };
		8C500B612B88AEDD99E46BBA /* Pods-Parstagram-ParstagramUITests.release.xcconfig */ = {isa = PBXFileReference; includeInIndex = 1; lastKnownFileType = text.xcconfig; name = "Pods-Parstagram-ParstagramUITests.release.xcconfig"; path = "Target Support Files/Pods-Parstagram-ParstagramUITests/Pods-Parstagram-ParstagramUITests.release.xcconfig"; sourceTree = "<group>"; };
		8CEC0C0133FC0E3D336CDC3F /* Pods-Parstagram.debug.xcconfig */ = {isa = PBXFileReference; includeInIndex = 1; lastKnownFileType = text.xcconfig; name = "Pods-Parstagram.debug.xcconfig"; path = "Target Support Files/Pods-Parstagram/Pods-Parstagram.debug.xcconfig"; sourceTree = "<group>"; };
		CAEBE46625511F24B675073B /* Pods-Parstagram.release.xcconfig */ = {isa = PBXFileReference; includeInIndex = 1; lastKnownFileType = text.xcconfig; name = "Pods-Parstagram.release.xcconfig"; path = "Target Support Files/Pods-Parstagram/Pods-Parstagram.release.xcconfig"; sourceTree = "<group>"; };
		F08D7B86A12F64D7CFEEE9D0 /* Pods-ParstagramTests.release.xcconfig */ = {isa = PBXFileReference; includeInIndex = 1; lastKnownFileType = text.xcconfig; name = "Pods-ParstagramTests.release.xcconfig"; path = "Target Support Files/Pods-ParstagramTests/Pods-ParstagramTests.release.xcconfig"; sourceTree = "<group>"; };
/* End PBXFileReference section */

/* Begin PBXFrameworksBuildPhase section */
		852F6768237F0F7E004CB260 /* Frameworks */ = {
			isa = PBXFrameworksBuildPhase;
			buildActionMask = 2147483647;
			files = (
				D3791DE05373D0B007DD7DEB /* Pods_Parstagram.framework in Frameworks */,
			);
			runOnlyForDeploymentPostprocessing = 0;
		};
		852F677E237F0F81004CB260 /* Frameworks */ = {
			isa = PBXFrameworksBuildPhase;
			buildActionMask = 2147483647;
			files = (
				A5D0DF2CA8B5DA8300A4B270 /* Pods_ParstagramTests.framework in Frameworks */,
			);
			runOnlyForDeploymentPostprocessing = 0;
		};
		852F6789237F0F81004CB260 /* Frameworks */ = {
			isa = PBXFrameworksBuildPhase;
			buildActionMask = 2147483647;
			files = (
				D6B23CDF83942F36F6C5055F /* Pods_Parstagram_ParstagramUITests.framework in Frameworks */,
			);
			runOnlyForDeploymentPostprocessing = 0;
		};
/* End PBXFrameworksBuildPhase section */

/* Begin PBXGroup section */
		852F6762237F0F7D004CB260 = {
			isa = PBXGroup;
			children = (
				852F676D237F0F7E004CB260 /* Parstagram */,
				852F6784237F0F81004CB260 /* ParstagramTests */,
				852F678F237F0F81004CB260 /* ParstagramUITests */,
				852F676C237F0F7E004CB260 /* Products */,
				AAF513C397615D118493AD9D /* Pods */,
				E4E0842800AC59379AA3B63E /* Frameworks */,
			);
			sourceTree = "<group>";
		};
		852F676C237F0F7E004CB260 /* Products */ = {
			isa = PBXGroup;
			children = (
				852F676B237F0F7E004CB260 /* Parstagram.app */,
				852F6781237F0F81004CB260 /* ParstagramTests.xctest */,
				852F678C237F0F81004CB260 /* ParstagramUITests.xctest */,
			);
			name = Products;
			sourceTree = "<group>";
		};
		852F676D237F0F7E004CB260 /* Parstagram */ = {
			isa = PBXGroup;
			children = (
				852F676E237F0F7E004CB260 /* AppDelegate.swift */,
				852F6770237F0F7E004CB260 /* SceneDelegate.swift */,
				852F6774237F0F7E004CB260 /* Main.storyboard */,
				852F6777237F0F81004CB260 /* Assets.xcassets */,
				852F6779237F0F81004CB260 /* LaunchScreen.storyboard */,
				852F677C237F0F81004CB260 /* Info.plist */,
				852F679E237F2AE9004CB260 /* LoginViewController.swift */,
				852F67A0237F2B07004CB260 /* FeedViewController.swift */,
				852F67A2237F34AD004CB260 /* CameraViewController.swift */,
				852F67A4237F74B5004CB260 /* PostCell.swift */,
				8589845C23888BC20086D9D5 /* CommentCell.swift */,
			);
			path = Parstagram;
			sourceTree = "<group>";
		};
		852F6784237F0F81004CB260 /* ParstagramTests */ = {
			isa = PBXGroup;
			children = (
				852F6785237F0F81004CB260 /* ParstagramTests.swift */,
				852F6787237F0F81004CB260 /* Info.plist */,
			);
			path = ParstagramTests;
			sourceTree = "<group>";
		};
		852F678F237F0F81004CB260 /* ParstagramUITests */ = {
			isa = PBXGroup;
			children = (
				852F6790237F0F81004CB260 /* ParstagramUITests.swift */,
				852F6792237F0F81004CB260 /* Info.plist */,
			);
			path = ParstagramUITests;
			sourceTree = "<group>";
		};
		AAF513C397615D118493AD9D /* Pods */ = {
			isa = PBXGroup;
			children = (
				8CEC0C0133FC0E3D336CDC3F /* Pods-Parstagram.debug.xcconfig */,
				CAEBE46625511F24B675073B /* Pods-Parstagram.release.xcconfig */,
				1B318F6EB49513555C403A37 /* Pods-Parstagram-ParstagramUITests.debug.xcconfig */,
				8C500B612B88AEDD99E46BBA /* Pods-Parstagram-ParstagramUITests.release.xcconfig */,
				036331A936B8F1F4DDC5FFB8 /* Pods-ParstagramTests.debug.xcconfig */,
				F08D7B86A12F64D7CFEEE9D0 /* Pods-ParstagramTests.release.xcconfig */,
			);
			path = Pods;
			sourceTree = "<group>";
		};
		E4E0842800AC59379AA3B63E /* Frameworks */ = {
			isa = PBXGroup;
			children = (
				4DD95233903B35B0C6CC7035 /* Pods_Parstagram.framework */,
				330DA6DC3B770B6F82757E39 /* Pods_Parstagram_ParstagramUITests.framework */,
				44D6A85DA4B6812D101961BB /* Pods_ParstagramTests.framework */,
			);
			name = Frameworks;
			sourceTree = "<group>";
		};
/* End PBXGroup section */

/* Begin PBXNativeTarget section */
		852F676A237F0F7E004CB260 /* Parstagram */ = {
			isa = PBXNativeTarget;
			buildConfigurationList = 852F6795237F0F81004CB260 /* Build configuration list for PBXNativeTarget "Parstagram" */;
			buildPhases = (
				5EAF64E6BB0BE3A43B95D94B /* [CP] Check Pods Manifest.lock */,
				852F6767237F0F7E004CB260 /* Sources */,
				852F6768237F0F7E004CB260 /* Frameworks */,
				852F6769237F0F7E004CB260 /* Resources */,
				CBEE182CC36A6211FCAFE16B /* [CP] Embed Pods Frameworks */,
			);
			buildRules = (
			);
			dependencies = (
			);
			name = Parstagram;
			productName = Parstagram;
			productReference = 852F676B237F0F7E004CB260 /* Parstagram.app */;
			productType = "com.apple.product-type.application";
		};
		852F6780237F0F81004CB260 /* ParstagramTests */ = {
			isa = PBXNativeTarget;
			buildConfigurationList = 852F6798237F0F81004CB260 /* Build configuration list for PBXNativeTarget "ParstagramTests" */;
			buildPhases = (
				8C8DC0ECDC9484509FFFBB0D /* [CP] Check Pods Manifest.lock */,
				852F677D237F0F81004CB260 /* Sources */,
				852F677E237F0F81004CB260 /* Frameworks */,
				852F677F237F0F81004CB260 /* Resources */,
			);
			buildRules = (
			);
			dependencies = (
				852F6783237F0F81004CB260 /* PBXTargetDependency */,
			);
			name = ParstagramTests;
			productName = ParstagramTests;
			productReference = 852F6781237F0F81004CB260 /* ParstagramTests.xctest */;
			productType = "com.apple.product-type.bundle.unit-test";
		};
		852F678B237F0F81004CB260 /* ParstagramUITests */ = {
			isa = PBXNativeTarget;
			buildConfigurationList = 852F679B237F0F81004CB260 /* Build configuration list for PBXNativeTarget "ParstagramUITests" */;
			buildPhases = (
				F5CDA30D70E833E286A4C24B /* [CP] Check Pods Manifest.lock */,
				852F6788237F0F81004CB260 /* Sources */,
				852F6789237F0F81004CB260 /* Frameworks */,
				852F678A237F0F81004CB260 /* Resources */,
				8A9EE9A0ACAEE21F3243C73F /* [CP] Embed Pods Frameworks */,
			);
			buildRules = (
			);
			dependencies = (
				852F678E237F0F81004CB260 /* PBXTargetDependency */,
			);
			name = ParstagramUITests;
			productName = ParstagramUITests;
			productReference = 852F678C237F0F81004CB260 /* ParstagramUITests.xctest */;
			productType = "com.apple.product-type.bundle.ui-testing";
		};
/* End PBXNativeTarget section */

/* Begin PBXProject section */
		852F6763237F0F7D004CB260 /* Project object */ = {
			isa = PBXProject;
			attributes = {
				LastSwiftUpdateCheck = 1110;
				LastUpgradeCheck = 1110;
				ORGANIZATIONNAME = "Amy Ripley";
				TargetAttributes = {
					852F676A237F0F7E004CB260 = {
						CreatedOnToolsVersion = 11.1;
					};
					852F6780237F0F81004CB260 = {
						CreatedOnToolsVersion = 11.1;
						TestTargetID = 852F676A237F0F7E004CB260;
					};
					852F678B237F0F81004CB260 = {
						CreatedOnToolsVersion = 11.1;
						TestTargetID = 852F676A237F0F7E004CB260;
					};
				};
			};
			buildConfigurationList = 852F6766237F0F7D004CB260 /* Build configuration list for PBXProject "Parstagram" */;
			compatibilityVersion = "Xcode 9.3";
			developmentRegion = en;
			hasScannedForEncodings = 0;
			knownRegions = (
				en,
				Base,
			);
			mainGroup = 852F6762237F0F7D004CB260;
			productRefGroup = 852F676C237F0F7E004CB260 /* Products */;
			projectDirPath = "";
			projectRoot = "";
			targets = (
				852F676A237F0F7E004CB260 /* Parstagram */,
				852F6780237F0F81004CB260 /* ParstagramTests */,
				852F678B237F0F81004CB260 /* ParstagramUITests */,
			);
		};
/* End PBXProject section */

/* Begin PBXResourcesBuildPhase section */
		852F6769237F0F7E004CB260 /* Resources */ = {
			isa = PBXResourcesBuildPhase;
			buildActionMask = 2147483647;
			files = (
				852F677B237F0F81004CB260 /* LaunchScreen.storyboard in Resources */,
				852F6778237F0F81004CB260 /* Assets.xcassets in Resources */,
				852F6776237F0F7E004CB260 /* Main.storyboard in Resources */,
			);
			runOnlyForDeploymentPostprocessing = 0;
		};
		852F677F237F0F81004CB260 /* Resources */ = {
			isa = PBXResourcesBuildPhase;
			buildActionMask = 2147483647;
			files = (
			);
			runOnlyForDeploymentPostprocessing = 0;
		};
		852F678A237F0F81004CB260 /* Resources */ = {
			isa = PBXResourcesBuildPhase;
			buildActionMask = 2147483647;
			files = (
			);
			runOnlyForDeploymentPostprocessing = 0;
		};
/* End PBXResourcesBuildPhase section */

/* Begin PBXShellScriptBuildPhase section */
		5EAF64E6BB0BE3A43B95D94B /* [CP] Check Pods Manifest.lock */ = {
			isa = PBXShellScriptBuildPhase;
			buildActionMask = 2147483647;
			files = (
			);
			inputFileListPaths = (
			);
			inputPaths = (
				"${PODS_PODFILE_DIR_PATH}/Podfile.lock",
				"${PODS_ROOT}/Manifest.lock",
			);
			name = "[CP] Check Pods Manifest.lock";
			outputFileListPaths = (
			);
			outputPaths = (
				"$(DERIVED_FILE_DIR)/Pods-Parstagram-checkManifestLockResult.txt",
			);
			runOnlyForDeploymentPostprocessing = 0;
			shellPath = /bin/sh;
			shellScript = "diff \"${PODS_PODFILE_DIR_PATH}/Podfile.lock\" \"${PODS_ROOT}/Manifest.lock\" > /dev/null\nif [ $? != 0 ] ; then\n    # print error to STDERR\n    echo \"error: The sandbox is not in sync with the Podfile.lock. Run 'pod install' or update your CocoaPods installation.\" >&2\n    exit 1\nfi\n# This output is used by Xcode 'outputs' to avoid re-running this script phase.\necho \"SUCCESS\" > \"${SCRIPT_OUTPUT_FILE_0}\"\n";
			showEnvVarsInLog = 0;
		};
		8A9EE9A0ACAEE21F3243C73F /* [CP] Embed Pods Frameworks */ = {
			isa = PBXShellScriptBuildPhase;
			buildActionMask = 2147483647;
			files = (
			);
			inputFileListPaths = (
				"${PODS_ROOT}/Target Support Files/Pods-Parstagram-ParstagramUITests/Pods-Parstagram-ParstagramUITests-frameworks-${CONFIGURATION}-input-files.xcfilelist",
			);
			name = "[CP] Embed Pods Frameworks";
			outputFileListPaths = (
				"${PODS_ROOT}/Target Support Files/Pods-Parstagram-ParstagramUITests/Pods-Parstagram-ParstagramUITests-frameworks-${CONFIGURATION}-output-files.xcfilelist",
			);
			runOnlyForDeploymentPostprocessing = 0;
			shellPath = /bin/sh;
			shellScript = "\"${PODS_ROOT}/Target Support Files/Pods-Parstagram-ParstagramUITests/Pods-Parstagram-ParstagramUITests-frameworks.sh\"\n";
			showEnvVarsInLog = 0;
		};
		8C8DC0ECDC9484509FFFBB0D /* [CP] Check Pods Manifest.lock */ = {
			isa = PBXShellScriptBuildPhase;
			buildActionMask = 2147483647;
			files = (
			);
			inputFileListPaths = (
			);
			inputPaths = (
				"${PODS_PODFILE_DIR_PATH}/Podfile.lock",
				"${PODS_ROOT}/Manifest.lock",
			);
			name = "[CP] Check Pods Manifest.lock";
			outputFileListPaths = (
			);
			outputPaths = (
				"$(DERIVED_FILE_DIR)/Pods-ParstagramTests-checkManifestLockResult.txt",
			);
			runOnlyForDeploymentPostprocessing = 0;
			shellPath = /bin/sh;
			shellScript = "diff \"${PODS_PODFILE_DIR_PATH}/Podfile.lock\" \"${PODS_ROOT}/Manifest.lock\" > /dev/null\nif [ $? != 0 ] ; then\n    # print error to STDERR\n    echo \"error: The sandbox is not in sync with the Podfile.lock. Run 'pod install' or update your CocoaPods installation.\" >&2\n    exit 1\nfi\n# This output is used by Xcode 'outputs' to avoid re-running this script phase.\necho \"SUCCESS\" > \"${SCRIPT_OUTPUT_FILE_0}\"\n";
			showEnvVarsInLog = 0;
		};
		CBEE182CC36A6211FCAFE16B /* [CP] Embed Pods Frameworks */ = {
			isa = PBXShellScriptBuildPhase;
			buildActionMask = 2147483647;
			files = (
			);
			inputFileListPaths = (
				"${PODS_ROOT}/Target Support Files/Pods-Parstagram/Pods-Parstagram-frameworks-${CONFIGURATION}-input-files.xcfilelist",
			);
			name = "[CP] Embed Pods Frameworks";
			outputFileListPaths = (
				"${PODS_ROOT}/Target Support Files/Pods-Parstagram/Pods-Parstagram-frameworks-${CONFIGURATION}-output-files.xcfilelist",
			);
			runOnlyForDeploymentPostprocessing = 0;
			shellPath = /bin/sh;
			shellScript = "\"${PODS_ROOT}/Target Support Files/Pods-Parstagram/Pods-Parstagram-frameworks.sh\"\n";
			showEnvVarsInLog = 0;
		};
		F5CDA30D70E833E286A4C24B /* [CP] Check Pods Manifest.lock */ = {
			isa = PBXShellScriptBuildPhase;
			buildActionMask = 2147483647;
			files = (
			);
			inputFileListPaths = (
			);
			inputPaths = (
				"${PODS_PODFILE_DIR_PATH}/Podfile.lock",
				"${PODS_ROOT}/Manifest.lock",
			);
			name = "[CP] Check Pods Manifest.lock";
			outputFileListPaths = (
			);
			outputPaths = (
				"$(DERIVED_FILE_DIR)/Pods-Parstagram-ParstagramUITests-checkManifestLockResult.txt",
			);
			runOnlyForDeploymentPostprocessing = 0;
			shellPath = /bin/sh;
			shellScript = "diff \"${PODS_PODFILE_DIR_PATH}/Podfile.lock\" \"${PODS_ROOT}/Manifest.lock\" > /dev/null\nif [ $? != 0 ] ; then\n    # print error to STDERR\n    echo \"error: The sandbox is not in sync with the Podfile.lock. Run 'pod install' or update your CocoaPods installation.\" >&2\n    exit 1\nfi\n# This output is used by Xcode 'outputs' to avoid re-running this script phase.\necho \"SUCCESS\" > \"${SCRIPT_OUTPUT_FILE_0}\"\n";
			showEnvVarsInLog = 0;
		};
/* End PBXShellScriptBuildPhase section */

/* Begin PBXSourcesBuildPhase section */
		852F6767237F0F7E004CB260 /* Sources */ = {
			isa = PBXSourcesBuildPhase;
			buildActionMask = 2147483647;
			files = (
				852F679F237F2AE9004CB260 /* LoginViewController.swift in Sources */,
				852F67A3237F34AD004CB260 /* CameraViewController.swift in Sources */,
				852F676F237F0F7E004CB260 /* AppDelegate.swift in Sources */,
				852F67A1237F2B07004CB260 /* FeedViewController.swift in Sources */,
				852F6771237F0F7E004CB260 /* SceneDelegate.swift in Sources */,
				852F67A5237F74B5004CB260 /* PostCell.swift in Sources */,
				8589845D23888BC20086D9D5 /* CommentCell.swift in Sources */,
			);
			runOnlyForDeploymentPostprocessing = 0;
		};
		852F677D237F0F81004CB260 /* Sources */ = {
			isa = PBXSourcesBuildPhase;
			buildActionMask = 2147483647;
			files = (
				852F6786237F0F81004CB260 /* ParstagramTests.swift in Sources */,
			);
			runOnlyForDeploymentPostprocessing = 0;
		};
		852F6788237F0F81004CB260 /* Sources */ = {
			isa = PBXSourcesBuildPhase;
			buildActionMask = 2147483647;
			files = (
				852F6791237F0F81004CB260 /* ParstagramUITests.swift in Sources */,
			);
			runOnlyForDeploymentPostprocessing = 0;
		};
/* End PBXSourcesBuildPhase section */

/* Begin PBXTargetDependency section */
		852F6783237F0F81004CB260 /* PBXTargetDependency */ = {
			isa = PBXTargetDependency;
			target = 852F676A237F0F7E004CB260 /* Parstagram */;
			targetProxy = 852F6782237F0F81004CB260 /* PBXContainerItemProxy */;
		};
		852F678E237F0F81004CB260 /* PBXTargetDependency */ = {
			isa = PBXTargetDependency;
			target = 852F676A237F0F7E004CB260 /* Parstagram */;
			targetProxy = 852F678D237F0F81004CB260 /* PBXContainerItemProxy */;
		};
/* End PBXTargetDependency section */

/* Begin PBXVariantGroup section */
		852F6774237F0F7E004CB260 /* Main.storyboard */ = {
			isa = PBXVariantGroup;
			children = (
				852F6775237F0F7E004CB260 /* Base */,
			);
			name = Main.storyboard;
			sourceTree = "<group>";
		};
		852F6779237F0F81004CB260 /* LaunchScreen.storyboard */ = {
			isa = PBXVariantGroup;
			children = (
				852F677A237F0F81004CB260 /* Base */,
			);
			name = LaunchScreen.storyboard;
			sourceTree = "<group>";
		};
/* End PBXVariantGroup section */

/* Begin XCBuildConfiguration section */
		852F6793237F0F81004CB260 /* Debug */ = {
			isa = XCBuildConfiguration;
			buildSettings = {
				ALWAYS_SEARCH_USER_PATHS = NO;
				CLANG_ANALYZER_NONNULL = YES;
				CLANG_ANALYZER_NUMBER_OBJECT_CONVERSION = YES_AGGRESSIVE;
				CLANG_CXX_LANGUAGE_STANDARD = "gnu++14";
				CLANG_CXX_LIBRARY = "libc++";
				CLANG_ENABLE_MODULES = YES;
				CLANG_ENABLE_OBJC_ARC = YES;
				CLANG_ENABLE_OBJC_WEAK = YES;
				CLANG_WARN_BLOCK_CAPTURE_AUTORELEASING = YES;
				CLANG_WARN_BOOL_CONVERSION = YES;
				CLANG_WARN_COMMA = YES;
				CLANG_WARN_CONSTANT_CONVERSION = YES;
				CLANG_WARN_DEPRECATED_OBJC_IMPLEMENTATIONS = YES;
				CLANG_WARN_DIRECT_OBJC_ISA_USAGE = YES_ERROR;
				CLANG_WARN_DOCUMENTATION_COMMENTS = YES;
				CLANG_WARN_EMPTY_BODY = YES;
				CLANG_WARN_ENUM_CONVERSION = YES;
				CLANG_WARN_INFINITE_RECURSION = YES;
				CLANG_WARN_INT_CONVERSION = YES;
				CLANG_WARN_NON_LITERAL_NULL_CONVERSION = YES;
				CLANG_WARN_OBJC_IMPLICIT_RETAIN_SELF = YES;
				CLANG_WARN_OBJC_LITERAL_CONVERSION = YES;
				CLANG_WARN_OBJC_ROOT_CLASS = YES_ERROR;
				CLANG_WARN_RANGE_LOOP_ANALYSIS = YES;
				CLANG_WARN_STRICT_PROTOTYPES = YES;
				CLANG_WARN_SUSPICIOUS_MOVE = YES;
				CLANG_WARN_UNGUARDED_AVAILABILITY = YES_AGGRESSIVE;
				CLANG_WARN_UNREACHABLE_CODE = YES;
				CLANG_WARN__DUPLICATE_METHOD_MATCH = YES;
				COPY_PHASE_STRIP = NO;
				DEBUG_INFORMATION_FORMAT = dwarf;
				ENABLE_STRICT_OBJC_MSGSEND = YES;
				ENABLE_TESTABILITY = YES;
				GCC_C_LANGUAGE_STANDARD = gnu11;
				GCC_DYNAMIC_NO_PIC = NO;
				GCC_NO_COMMON_BLOCKS = YES;
				GCC_OPTIMIZATION_LEVEL = 0;
				GCC_PREPROCESSOR_DEFINITIONS = (
					"DEBUG=1",
					"$(inherited)",
				);
				GCC_WARN_64_TO_32_BIT_CONVERSION = YES;
				GCC_WARN_ABOUT_RETURN_TYPE = YES_ERROR;
				GCC_WARN_UNDECLARED_SELECTOR = YES;
				GCC_WARN_UNINITIALIZED_AUTOS = YES_AGGRESSIVE;
				GCC_WARN_UNUSED_FUNCTION = YES;
				GCC_WARN_UNUSED_VARIABLE = YES;
				IPHONEOS_DEPLOYMENT_TARGET = 13.1;
				MTL_ENABLE_DEBUG_INFO = INCLUDE_SOURCE;
				MTL_FAST_MATH = YES;
				ONLY_ACTIVE_ARCH = YES;
				SDKROOT = iphoneos;
				SWIFT_ACTIVE_COMPILATION_CONDITIONS = DEBUG;
				SWIFT_OPTIMIZATION_LEVEL = "-Onone";
			};
			name = Debug;
		};
		852F6794237F0F81004CB260 /* Release */ = {
			isa = XCBuildConfiguration;
			buildSettings = {
				ALWAYS_SEARCH_USER_PATHS = NO;
				CLANG_ANALYZER_NONNULL = YES;
				CLANG_ANALYZER_NUMBER_OBJECT_CONVERSION = YES_AGGRESSIVE;
				CLANG_CXX_LANGUAGE_STANDARD = "gnu++14";
				CLANG_CXX_LIBRARY = "libc++";
				CLANG_ENABLE_MODULES = YES;
				CLANG_ENABLE_OBJC_ARC = YES;
				CLANG_ENABLE_OBJC_WEAK = YES;
				CLANG_WARN_BLOCK_CAPTURE_AUTORELEASING = YES;
				CLANG_WARN_BOOL_CONVERSION = YES;
				CLANG_WARN_COMMA = YES;
				CLANG_WARN_CONSTANT_CONVERSION = YES;
				CLANG_WARN_DEPRECATED_OBJC_IMPLEMENTATIONS = YES;
				CLANG_WARN_DIRECT_OBJC_ISA_USAGE = YES_ERROR;
				CLANG_WARN_DOCUMENTATION_COMMENTS = YES;
				CLANG_WARN_EMPTY_BODY = YES;
				CLANG_WARN_ENUM_CONVERSION = YES;
				CLANG_WARN_INFINITE_RECURSION = YES;
				CLANG_WARN_INT_CONVERSION = YES;
				CLANG_WARN_NON_LITERAL_NULL_CONVERSION = YES;
				CLANG_WARN_OBJC_IMPLICIT_RETAIN_SELF = YES;
				CLANG_WARN_OBJC_LITERAL_CONVERSION = YES;
				CLANG_WARN_OBJC_ROOT_CLASS = YES_ERROR;
				CLANG_WARN_RANGE_LOOP_ANALYSIS = YES;
				CLANG_WARN_STRICT_PROTOTYPES = YES;
				CLANG_WARN_SUSPICIOUS_MOVE = YES;
				CLANG_WARN_UNGUARDED_AVAILABILITY = YES_AGGRESSIVE;
				CLANG_WARN_UNREACHABLE_CODE = YES;
				CLANG_WARN__DUPLICATE_METHOD_MATCH = YES;
				COPY_PHASE_STRIP = NO;
				DEBUG_INFORMATION_FORMAT = "dwarf-with-dsym";
				ENABLE_NS_ASSERTIONS = NO;
				ENABLE_STRICT_OBJC_MSGSEND = YES;
				GCC_C_LANGUAGE_STANDARD = gnu11;
				GCC_NO_COMMON_BLOCKS = YES;
				GCC_WARN_64_TO_32_BIT_CONVERSION = YES;
				GCC_WARN_ABOUT_RETURN_TYPE = YES_ERROR;
				GCC_WARN_UNDECLARED_SELECTOR = YES;
				GCC_WARN_UNINITIALIZED_AUTOS = YES_AGGRESSIVE;
				GCC_WARN_UNUSED_FUNCTION = YES;
				GCC_WARN_UNUSED_VARIABLE = YES;
				IPHONEOS_DEPLOYMENT_TARGET = 13.1;
				MTL_ENABLE_DEBUG_INFO = NO;
				MTL_FAST_MATH = YES;
				SDKROOT = iphoneos;
				SWIFT_COMPILATION_MODE = wholemodule;
				SWIFT_OPTIMIZATION_LEVEL = "-O";
				VALIDATE_PRODUCT = YES;
			};
			name = Release;
		};
		852F6796237F0F81004CB260 /* Debug */ = {
			isa = XCBuildConfiguration;
			baseConfigurationReference = 8CEC0C0133FC0E3D336CDC3F /* Pods-Parstagram.debug.xcconfig */;
			buildSettings = {
				ASSETCATALOG_COMPILER_APPICON_NAME = AppIcon;
				CODE_SIGN_STYLE = Automatic;
				INFOPLIST_FILE = Parstagram/Info.plist;
				LD_RUNPATH_SEARCH_PATHS = (
					"$(inherited)",
					"@executable_path/Frameworks",
				);
				PRODUCT_BUNDLE_IDENTIFIER = com.AmyRipley.Parstagram;
				PRODUCT_NAME = "$(TARGET_NAME)";
				SWIFT_VERSION = 5.0;
				TARGETED_DEVICE_FAMILY = "1,2";
			};
			name = Debug;
		};
		852F6797237F0F81004CB260 /* Release */ = {
			isa = XCBuildConfiguration;
			baseConfigurationReference = CAEBE46625511F24B675073B /* Pods-Parstagram.release.xcconfig */;
			buildSettings = {
				ASSETCATALOG_COMPILER_APPICON_NAME = AppIcon;
				CODE_SIGN_STYLE = Automatic;
				INFOPLIST_FILE = Parstagram/Info.plist;
				LD_RUNPATH_SEARCH_PATHS = (
					"$(inherited)",
					"@executable_path/Frameworks",
				);
				PRODUCT_BUNDLE_IDENTIFIER = com.AmyRipley.Parstagram;
				PRODUCT_NAME = "$(TARGET_NAME)";
				SWIFT_VERSION = 5.0;
				TARGETED_DEVICE_FAMILY = "1,2";
			};
			name = Release;
		};
		852F6799237F0F81004CB260 /* Debug */ = {
			isa = XCBuildConfiguration;
			baseConfigurationReference = 036331A936B8F1F4DDC5FFB8 /* Pods-ParstagramTests.debug.xcconfig */;
			buildSettings = {
				ALWAYS_EMBED_SWIFT_STANDARD_LIBRARIES = YES;
				BUNDLE_LOADER = "$(TEST_HOST)";
				CODE_SIGN_STYLE = Automatic;
				INFOPLIST_FILE = ParstagramTests/Info.plist;
				IPHONEOS_DEPLOYMENT_TARGET = 13.1;
				LD_RUNPATH_SEARCH_PATHS = (
					"$(inherited)",
					"@executable_path/Frameworks",
					"@loader_path/Frameworks",
				);
				PRODUCT_BUNDLE_IDENTIFIER = com.AmyRipley.ParstagramTests;
				PRODUCT_NAME = "$(TARGET_NAME)";
				SWIFT_VERSION = 5.0;
				TARGETED_DEVICE_FAMILY = "1,2";
				TEST_HOST = "$(BUILT_PRODUCTS_DIR)/Parstagram.app/Parstagram";
			};
			name = Debug;
		};
		852F679A237F0F81004CB260 /* Release */ = {
			isa = XCBuildConfiguration;
			baseConfigurationReference = F08D7B86A12F64D7CFEEE9D0 /* Pods-ParstagramTests.release.xcconfig */;
			buildSettings = {
				ALWAYS_EMBED_SWIFT_STANDARD_LIBRARIES = YES;
				BUNDLE_LOADER = "$(TEST_HOST)";
				CODE_SIGN_STYLE = Automatic;
				INFOPLIST_FILE = ParstagramTests/Info.plist;
				IPHONEOS_DEPLOYMENT_TARGET = 13.1;
				LD_RUNPATH_SEARCH_PATHS = (
					"$(inherited)",
					"@executable_path/Frameworks",
					"@loader_path/Frameworks",
				);
				PRODUCT_BUNDLE_IDENTIFIER = com.AmyRipley.ParstagramTests;
				PRODUCT_NAME = "$(TARGET_NAME)";
				SWIFT_VERSION = 5.0;
				TARGETED_DEVICE_FAMILY = "1,2";
				TEST_HOST = "$(BUILT_PRODUCTS_DIR)/Parstagram.app/Parstagram";
			};
			name = Release;
		};
		852F679C237F0F81004CB260 /* Debug */ = {
			isa = XCBuildConfiguration;
			baseConfigurationReference = 1B318F6EB49513555C403A37 /* Pods-Parstagram-ParstagramUITests.debug.xcconfig */;
			buildSettings = {
				ALWAYS_EMBED_SWIFT_STANDARD_LIBRARIES = YES;
				CODE_SIGN_STYLE = Automatic;
				INFOPLIST_FILE = ParstagramUITests/Info.plist;
				LD_RUNPATH_SEARCH_PATHS = (
					"$(inherited)",
					"@executable_path/Frameworks",
					"@loader_path/Frameworks",
				);
				PRODUCT_BUNDLE_IDENTIFIER = com.AmyRipley.ParstagramUITests;
				PRODUCT_NAME = "$(TARGET_NAME)";
				SWIFT_VERSION = 5.0;
				TARGETED_DEVICE_FAMILY = "1,2";
				TEST_TARGET_NAME = Parstagram;
			};
			name = Debug;
		};
		852F679D237F0F81004CB260 /* Release */ = {
			isa = XCBuildConfiguration;
			baseConfigurationReference = 8C500B612B88AEDD99E46BBA /* Pods-Parstagram-ParstagramUITests.release.xcconfig */;
			buildSettings = {
				ALWAYS_EMBED_SWIFT_STANDARD_LIBRARIES = YES;
				CODE_SIGN_STYLE = Automatic;
				INFOPLIST_FILE = ParstagramUITests/Info.plist;
				LD_RUNPATH_SEARCH_PATHS = (
					"$(inherited)",
					"@executable_path/Frameworks",
					"@loader_path/Frameworks",
				);
				PRODUCT_BUNDLE_IDENTIFIER = com.AmyRipley.ParstagramUITests;
				PRODUCT_NAME = "$(TARGET_NAME)";
				SWIFT_VERSION = 5.0;
				TARGETED_DEVICE_FAMILY = "1,2";
				TEST_TARGET_NAME = Parstagram;
			};
			name = Release;
		};
/* End XCBuildConfiguration section */

/* Begin XCConfigurationList section */
		852F6766237F0F7D004CB260 /* Build configuration list for PBXProject "Parstagram" */ = {
			isa = XCConfigurationList;
			buildConfigurations = (
				852F6793237F0F81004CB260 /* Debug */,
				852F6794237F0F81004CB260 /* Release */,
			);
			defaultConfigurationIsVisible = 0;
			defaultConfigurationName = Release;
		};
		852F6795237F0F81004CB260 /* Build configuration list for PBXNativeTarget "Parstagram" */ = {
			isa = XCConfigurationList;
			buildConfigurations = (
				852F6796237F0F81004CB260 /* Debug */,
				852F6797237F0F81004CB260 /* Release */,
			);
			defaultConfigurationIsVisible = 0;
			defaultConfigurationName = Release;
		};
		852F6798237F0F81004CB260 /* Build configuration list for PBXNativeTarget "ParstagramTests" */ = {
			isa = XCConfigurationList;
			buildConfigurations = (
				852F6799237F0F81004CB260 /* Debug */,
				852F679A237F0F81004CB260 /* Release */,
			);
			defaultConfigurationIsVisible = 0;
			defaultConfigurationName = Release;
		};
		852F679B237F0F81004CB260 /* Build configuration list for PBXNativeTarget "ParstagramUITests" */ = {
			isa = XCConfigurationList;
			buildConfigurations = (
				852F679C237F0F81004CB260 /* Debug */,
				852F679D237F0F81004CB260 /* Release */,
			);
			defaultConfigurationIsVisible = 0;
			defaultConfigurationName = Release;
		};
/* End XCConfigurationList section */
	};
	rootObject = 852F6763237F0F7D004CB260 /* Project object */;
}
